// !$*UTF8*$!
{
	archiveVersion = 1;
	classes = {
	};
	objectVersion = 50;
	objects = {

/* Begin PBXBuildFile section */
		05B0003F258E7BBB9DA96EAE /* Pods_projet.framework in Frameworks */ = {isa = PBXBuildFile; fileRef = 93DDAB363D62DACAFB5A6F8D /* Pods_projet.framework */; };
		208861FAED6D30B28927DF2E /* Pods_projetTests.framework in Frameworks */ = {isa = PBXBuildFile; fileRef = 3ABE8C6019F3981636649008 /* Pods_projetTests.framework */; };
		6A17F5A86B3C32156F170527 /* Pods_projetUITests.framework in Frameworks */ = {isa = PBXBuildFile; fileRef = 29DFF8D8FE98EB7B8D9486A8 /* Pods_projetUITests.framework */; };
		F27BBD172232D345005FB9DB /* AppDelegate.swift in Sources */ = {isa = PBXBuildFile; fileRef = F27BBD162232D345005FB9DB /* AppDelegate.swift */; };
		F27BBD192232D345005FB9DB /* ViewController.swift in Sources */ = {isa = PBXBuildFile; fileRef = F27BBD182232D345005FB9DB /* ViewController.swift */; };
		F27BBD1C2232D345005FB9DB /* Main.storyboard in Resources */ = {isa = PBXBuildFile; fileRef = F27BBD1A2232D345005FB9DB /* Main.storyboard */; };
		F27BBD1E2232D347005FB9DB /* Assets.xcassets in Resources */ = {isa = PBXBuildFile; fileRef = F27BBD1D2232D347005FB9DB /* Assets.xcassets */; };
		F27BBD212232D347005FB9DB /* LaunchScreen.storyboard in Resources */ = {isa = PBXBuildFile; fileRef = F27BBD1F2232D347005FB9DB /* LaunchScreen.storyboard */; };
		F27BBD2C2232D347005FB9DB /* projetTests.swift in Sources */ = {isa = PBXBuildFile; fileRef = F27BBD2B2232D347005FB9DB /* projetTests.swift */; };
		F27BBD372232D347005FB9DB /* projetUITests.swift in Sources */ = {isa = PBXBuildFile; fileRef = F27BBD362232D347005FB9DB /* projetUITests.swift */; };
		F27BBD452232D3EF005FB9DB /* background.jpg in Resources */ = {isa = PBXBuildFile; fileRef = F27BBD442232D3EF005FB9DB /* background.jpg */; };
/* End PBXBuildFile section */

/* Begin PBXContainerItemProxy section */
		F27BBD282232D347005FB9DB /* PBXContainerItemProxy */ = {
			isa = PBXContainerItemProxy;
			containerPortal = F27BBD0B2232D345005FB9DB /* Project object */;
			proxyType = 1;
			remoteGlobalIDString = F27BBD122232D345005FB9DB;
			remoteInfo = projet;
		};
		F27BBD332232D347005FB9DB /* PBXContainerItemProxy */ = {
			isa = PBXContainerItemProxy;
			containerPortal = F27BBD0B2232D345005FB9DB /* Project object */;
			proxyType = 1;
			remoteGlobalIDString = F27BBD122232D345005FB9DB;
			remoteInfo = projet;
		};
/* End PBXContainerItemProxy section */

/* Begin PBXFileReference section */
		15EFD310870A3237A3B64ADA /* Pods-projetUITests.debug.xcconfig */ = {isa = PBXFileReference; includeInIndex = 1; lastKnownFileType = text.xcconfig; name = "Pods-projetUITests.debug.xcconfig"; path = "Pods/Target Support Files/Pods-projetUITests/Pods-projetUITests.debug.xcconfig"; sourceTree = "<group>"; };
		29DFF8D8FE98EB7B8D9486A8 /* Pods_projetUITests.framework */ = {isa = PBXFileReference; explicitFileType = wrapper.framework; includeInIndex = 0; path = Pods_projetUITests.framework; sourceTree = BUILT_PRODUCTS_DIR; };
		3ABE8C6019F3981636649008 /* Pods_projetTests.framework */ = {isa = PBXFileReference; explicitFileType = wrapper.framework; includeInIndex = 0; path = Pods_projetTests.framework; sourceTree = BUILT_PRODUCTS_DIR; };
		6055B729324F5A4A3015608F /* Pods-projetTests.release.xcconfig */ = {isa = PBXFileReference; includeInIndex = 1; lastKnownFileType = text.xcconfig; name = "Pods-projetTests.release.xcconfig"; path = "Pods/Target Support Files/Pods-projetTests/Pods-projetTests.release.xcconfig"; sourceTree = "<group>"; };
		7E114E20CC43DC7496ECB6C6 /* Pods-projetUITests.release.xcconfig */ = {isa = PBXFileReference; includeInIndex = 1; lastKnownFileType = text.xcconfig; name = "Pods-projetUITests.release.xcconfig"; path = "Pods/Target Support Files/Pods-projetUITests/Pods-projetUITests.release.xcconfig"; sourceTree = "<group>"; };
		93DDAB363D62DACAFB5A6F8D /* Pods_projet.framework */ = {isa = PBXFileReference; explicitFileType = wrapper.framework; includeInIndex = 0; path = Pods_projet.framework; sourceTree = BUILT_PRODUCTS_DIR; };
		A20A209A64C11D56FA0138EC /* Pods-projet.release.xcconfig */ = {isa = PBXFileReference; includeInIndex = 1; lastKnownFileType = text.xcconfig; name = "Pods-projet.release.xcconfig"; path = "Pods/Target Support Files/Pods-projet/Pods-projet.release.xcconfig"; sourceTree = "<group>"; };
		AF535FFA0B9DFCDFB1586A6B /* Pods-projetTests.debug.xcconfig */ = {isa = PBXFileReference; includeInIndex = 1; lastKnownFileType = text.xcconfig; name = "Pods-projetTests.debug.xcconfig"; path = "Pods/Target Support Files/Pods-projetTests/Pods-projetTests.debug.xcconfig"; sourceTree = "<group>"; };
		C0400C38623B8039297FE20A /* Pods-projet.debug.xcconfig */ = {isa = PBXFileReference; includeInIndex = 1; lastKnownFileType = text.xcconfig; name = "Pods-projet.debug.xcconfig"; path = "Pods/Target Support Files/Pods-projet/Pods-projet.debug.xcconfig"; sourceTree = "<group>"; };
		F27BBD132232D345005FB9DB /* projet.app */ = {isa = PBXFileReference; explicitFileType = wrapper.application; includeInIndex = 0; path = projet.app; sourceTree = BUILT_PRODUCTS_DIR; };
		F27BBD162232D345005FB9DB /* AppDelegate.swift */ = {isa = PBXFileReference; lastKnownFileType = sourcecode.swift; path = AppDelegate.swift; sourceTree = "<group>"; };
		F27BBD182232D345005FB9DB /* ViewController.swift */ = {isa = PBXFileReference; lastKnownFileType = sourcecode.swift; path = ViewController.swift; sourceTree = "<group>"; };
		F27BBD1B2232D345005FB9DB /* Base */ = {isa = PBXFileReference; lastKnownFileType = file.storyboard; name = Base; path = Base.lproj/Main.storyboard; sourceTree = "<group>"; };
		F27BBD1D2232D347005FB9DB /* Assets.xcassets */ = {isa = PBXFileReference; lastKnownFileType = folder.assetcatalog; path = Assets.xcassets; sourceTree = "<group>"; };
		F27BBD202232D347005FB9DB /* Base */ = {isa = PBXFileReference; lastKnownFileType = file.storyboard; name = Base; path = Base.lproj/LaunchScreen.storyboard; sourceTree = "<group>"; };
		F27BBD222232D347005FB9DB /* Info.plist */ = {isa = PBXFileReference; lastKnownFileType = text.plist.xml; path = Info.plist; sourceTree = "<group>"; };
		F27BBD272232D347005FB9DB /* projetTests.xctest */ = {isa = PBXFileReference; explicitFileType = wrapper.cfbundle; includeInIndex = 0; path = projetTests.xctest; sourceTree = BUILT_PRODUCTS_DIR; };
		F27BBD2B2232D347005FB9DB /* projetTests.swift */ = {isa = PBXFileReference; lastKnownFileType = sourcecode.swift; path = projetTests.swift; sourceTree = "<group>"; };
		F27BBD2D2232D347005FB9DB /* Info.plist */ = {isa = PBXFileReference; lastKnownFileType = text.plist.xml; path = Info.plist; sourceTree = "<group>"; };
		F27BBD322232D347005FB9DB /* projetUITests.xctest */ = {isa = PBXFileReference; explicitFileType = wrapper.cfbundle; includeInIndex = 0; path = projetUITests.xctest; sourceTree = BUILT_PRODUCTS_DIR; };
		F27BBD362232D347005FB9DB /* projetUITests.swift */ = {isa = PBXFileReference; lastKnownFileType = sourcecode.swift; path = projetUITests.swift; sourceTree = "<group>"; };
		F27BBD382232D347005FB9DB /* Info.plist */ = {isa = PBXFileReference; lastKnownFileType = text.plist.xml; path = Info.plist; sourceTree = "<group>"; };
		F27BBD442232D3EF005FB9DB /* background.jpg */ = {isa = PBXFileReference; lastKnownFileType = image.jpeg; name = background.jpg; path = ../../background.jpg; sourceTree = "<group>"; };
/* End PBXFileReference section */

/* Begin PBXFrameworksBuildPhase section */
		F27BBD102232D345005FB9DB /* Frameworks */ = {
			isa = PBXFrameworksBuildPhase;
			buildActionMask = 2147483647;
			files = (
				05B0003F258E7BBB9DA96EAE /* Pods_projet.framework in Frameworks */,
			);
			runOnlyForDeploymentPostprocessing = 0;
		};
		F27BBD242232D347005FB9DB /* Frameworks */ = {
			isa = PBXFrameworksBuildPhase;
			buildActionMask = 2147483647;
			files = (
				208861FAED6D30B28927DF2E /* Pods_projetTests.framework in Frameworks */,
			);
			runOnlyForDeploymentPostprocessing = 0;
		};
		F27BBD2F2232D347005FB9DB /* Frameworks */ = {
			isa = PBXFrameworksBuildPhase;
			buildActionMask = 2147483647;
			files = (
				6A17F5A86B3C32156F170527 /* Pods_projetUITests.framework in Frameworks */,
			);
			runOnlyForDeploymentPostprocessing = 0;
		};
/* End PBXFrameworksBuildPhase section */

/* Begin PBXGroup section */
		6630AFF67FACDA3CC5910932 /* Pods */ = {
			isa = PBXGroup;
			children = (
				C0400C38623B8039297FE20A /* Pods-projet.debug.xcconfig */,
				A20A209A64C11D56FA0138EC /* Pods-projet.release.xcconfig */,
				AF535FFA0B9DFCDFB1586A6B /* Pods-projetTests.debug.xcconfig */,
				6055B729324F5A4A3015608F /* Pods-projetTests.release.xcconfig */,
				15EFD310870A3237A3B64ADA /* Pods-projetUITests.debug.xcconfig */,
				7E114E20CC43DC7496ECB6C6 /* Pods-projetUITests.release.xcconfig */,
			);
			name = Pods;
			sourceTree = "<group>";
		};
		CCC494EAE386F6545C991FE4 /* Frameworks */ = {
			isa = PBXGroup;
			children = (
				93DDAB363D62DACAFB5A6F8D /* Pods_projet.framework */,
				3ABE8C6019F3981636649008 /* Pods_projetTests.framework */,
				29DFF8D8FE98EB7B8D9486A8 /* Pods_projetUITests.framework */,
			);
			name = Frameworks;
			sourceTree = "<group>";
		};
		F27BBD0A2232D345005FB9DB = {
			isa = PBXGroup;
			children = (
				F27BBD152232D345005FB9DB /* projet */,
				F27BBD2A2232D347005FB9DB /* projetTests */,
				F27BBD352232D347005FB9DB /* projetUITests */,
				F27BBD142232D345005FB9DB /* Products */,
				6630AFF67FACDA3CC5910932 /* Pods */,
				CCC494EAE386F6545C991FE4 /* Frameworks */,
			);
			sourceTree = "<group>";
		};
		F27BBD142232D345005FB9DB /* Products */ = {
			isa = PBXGroup;
			children = (
				F27BBD132232D345005FB9DB /* projet.app */,
				F27BBD272232D347005FB9DB /* projetTests.xctest */,
				F27BBD322232D347005FB9DB /* projetUITests.xctest */,
			);
			name = Products;
			sourceTree = "<group>";
		};
		F27BBD152232D345005FB9DB /* projet */ = {
			isa = PBXGroup;
			children = (
				F27BBD162232D345005FB9DB /* AppDelegate.swift */,
				F27BBD182232D345005FB9DB /* ViewController.swift */,
				F27BBD1A2232D345005FB9DB /* Main.storyboard */,
				F27BBD1D2232D347005FB9DB /* Assets.xcassets */,
				F27BBD442232D3EF005FB9DB /* background.jpg */,
				F27BBD1F2232D347005FB9DB /* LaunchScreen.storyboard */,
				F27BBD222232D347005FB9DB /* Info.plist */,
			);
			path = projet;
			sourceTree = "<group>";
		};
		F27BBD2A2232D347005FB9DB /* projetTests */ = {
			isa = PBXGroup;
			children = (
				F27BBD2B2232D347005FB9DB /* projetTests.swift */,
				F27BBD2D2232D347005FB9DB /* Info.plist */,
			);
			path = projetTests;
			sourceTree = "<group>";
		};
		F27BBD352232D347005FB9DB /* projetUITests */ = {
			isa = PBXGroup;
			children = (
				F27BBD362232D347005FB9DB /* projetUITests.swift */,
				F27BBD382232D347005FB9DB /* Info.plist */,
			);
			path = projetUITests;
			sourceTree = "<group>";
		};
/* End PBXGroup section */

/* Begin PBXNativeTarget section */
		F27BBD122232D345005FB9DB /* projet */ = {
			isa = PBXNativeTarget;
			buildConfigurationList = F27BBD3B2232D347005FB9DB /* Build configuration list for PBXNativeTarget "projet" */;
			buildPhases = (
				9E2B16B1A443956B134160EE /* [CP] Check Pods Manifest.lock */,
				F27BBD0F2232D345005FB9DB /* Sources */,
				F27BBD102232D345005FB9DB /* Frameworks */,
				F27BBD112232D345005FB9DB /* Resources */,
				840B27407147D4C2A20F0EA3 /* [CP] Embed Pods Frameworks */,
			);
			buildRules = (
			);
			dependencies = (
			);
			name = projet;
			productName = projet;
			productReference = F27BBD132232D345005FB9DB /* projet.app */;
			productType = "com.apple.product-type.application";
		};
		F27BBD262232D347005FB9DB /* projetTests */ = {
			isa = PBXNativeTarget;
			buildConfigurationList = F27BBD3E2232D347005FB9DB /* Build configuration list for PBXNativeTarget "projetTests" */;
			buildPhases = (
				3716B8D416167B76A872073C /* [CP] Check Pods Manifest.lock */,
				F27BBD232232D347005FB9DB /* Sources */,
				F27BBD242232D347005FB9DB /* Frameworks */,
				F27BBD252232D347005FB9DB /* Resources */,
			);
			buildRules = (
			);
			dependencies = (
				F27BBD292232D347005FB9DB /* PBXTargetDependency */,
			);
			name = projetTests;
			productName = projetTests;
			productReference = F27BBD272232D347005FB9DB /* projetTests.xctest */;
			productType = "com.apple.product-type.bundle.unit-test";
		};
		F27BBD312232D347005FB9DB /* projetUITests */ = {
			isa = PBXNativeTarget;
			buildConfigurationList = F27BBD412232D347005FB9DB /* Build configuration list for PBXNativeTarget "projetUITests" */;
			buildPhases = (
				88A6976697A50CC533754E82 /* [CP] Check Pods Manifest.lock */,
				F27BBD2E2232D347005FB9DB /* Sources */,
				F27BBD2F2232D347005FB9DB /* Frameworks */,
				F27BBD302232D347005FB9DB /* Resources */,
			);
			buildRules = (
			);
			dependencies = (
				F27BBD342232D347005FB9DB /* PBXTargetDependency */,
			);
			name = projetUITests;
			productName = projetUITests;
			productReference = F27BBD322232D347005FB9DB /* projetUITests.xctest */;
			productType = "com.apple.product-type.bundle.ui-testing";
		};
/* End PBXNativeTarget section */

/* Begin PBXProject section */
		F27BBD0B2232D345005FB9DB /* Project object */ = {
			isa = PBXProject;
			attributes = {
				LastSwiftUpdateCheck = 1010;
				LastUpgradeCheck = 1010;
				ORGANIZATIONNAME = projet;
				TargetAttributes = {
					F27BBD122232D345005FB9DB = {
						CreatedOnToolsVersion = 10.1;
					};
					F27BBD262232D347005FB9DB = {
						CreatedOnToolsVersion = 10.1;
						TestTargetID = F27BBD122232D345005FB9DB;
					};
					F27BBD312232D347005FB9DB = {
						CreatedOnToolsVersion = 10.1;
						TestTargetID = F27BBD122232D345005FB9DB;
					};
				};
			};
			buildConfigurationList = F27BBD0E2232D345005FB9DB /* Build configuration list for PBXProject "projet" */;
			compatibilityVersion = "Xcode 9.3";
			developmentRegion = en;
			hasScannedForEncodings = 0;
			knownRegions = (
				en,
				Base,
			);
			mainGroup = F27BBD0A2232D345005FB9DB;
			productRefGroup = F27BBD142232D345005FB9DB /* Products */;
			projectDirPath = "";
			projectRoot = "";
			targets = (
				F27BBD122232D345005FB9DB /* projet */,
				F27BBD262232D347005FB9DB /* projetTests */,
				F27BBD312232D347005FB9DB /* projetUITests */,
			);
		};
/* End PBXProject section */

/* Begin PBXResourcesBuildPhase section */
		F27BBD112232D345005FB9DB /* Resources */ = {
			isa = PBXResourcesBuildPhase;
			buildActionMask = 2147483647;
			files = (
				F27BBD212232D347005FB9DB /* LaunchScreen.storyboard in Resources */,
				F27BBD452232D3EF005FB9DB /* background.jpg in Resources */,
				F27BBD1E2232D347005FB9DB /* Assets.xcassets in Resources */,
				F27BBD1C2232D345005FB9DB /* Main.storyboard in Resources */,
			);
			runOnlyForDeploymentPostprocessing = 0;
		};
		F27BBD252232D347005FB9DB /* Resources */ = {
			isa = PBXResourcesBuildPhase;
			buildActionMask = 2147483647;
			files = (
			);
			runOnlyForDeploymentPostprocessing = 0;
		};
		F27BBD302232D347005FB9DB /* Resources */ = {
			isa = PBXResourcesBuildPhase;
			buildActionMask = 2147483647;
			files = (
			);
			runOnlyForDeploymentPostprocessing = 0;
		};
/* End PBXResourcesBuildPhase section */

/* Begin PBXShellScriptBuildPhase section */
		3716B8D416167B76A872073C /* [CP] Check Pods Manifest.lock */ = {
			isa = PBXShellScriptBuildPhase;
			buildActionMask = 2147483647;
			files = (
			);
			inputFileListPaths = (
			);
			inputPaths = (
				"${PODS_PODFILE_DIR_PATH}/Podfile.lock",
				"${PODS_ROOT}/Manifest.lock",
			);
			name = "[CP] Check Pods Manifest.lock";
			outputFileListPaths = (
			);
			outputPaths = (
				"$(DERIVED_FILE_DIR)/Pods-projetTests-checkManifestLockResult.txt",
			);
			runOnlyForDeploymentPostprocessing = 0;
			shellPath = /bin/sh;
			shellScript = "diff \"${PODS_PODFILE_DIR_PATH}/Podfile.lock\" \"${PODS_ROOT}/Manifest.lock\" > /dev/null\nif [ $? != 0 ] ; then\n    # print error to STDERR\n    echo \"error: The sandbox is not in sync with the Podfile.lock. Run 'pod install' or update your CocoaPods installation.\" >&2\n    exit 1\nfi\n# This output is used by Xcode 'outputs' to avoid re-running this script phase.\necho \"SUCCESS\" > \"${SCRIPT_OUTPUT_FILE_0}\"\n";
			showEnvVarsInLog = 0;
		};
		840B27407147D4C2A20F0EA3 /* [CP] Embed Pods Frameworks */ = {
			isa = PBXShellScriptBuildPhase;
			buildActionMask = 2147483647;
			files = (
			);
			inputFileListPaths = (
			);
			inputPaths = (
				"${SRCROOT}/Pods/Target Support Files/Pods-projet/Pods-projet-frameworks.sh",
				"${BUILT_PRODUCTS_DIR}/Alamofire/Alamofire.framework",
				"${BUILT_PRODUCTS_DIR}/SwiftyJSON/SwiftyJSON.framework",
			);
			name = "[CP] Embed Pods Frameworks";
			outputFileListPaths = (
			);
			outputPaths = (
				"${TARGET_BUILD_DIR}/${FRAMEWORKS_FOLDER_PATH}/Alamofire.framework",
				"${TARGET_BUILD_DIR}/${FRAMEWORKS_FOLDER_PATH}/SwiftyJSON.framework",
			);
			runOnlyForDeploymentPostprocessing = 0;
			shellPath = /bin/sh;
			shellScript = "\"${SRCROOT}/Pods/Target Support Files/Pods-projet/Pods-projet-frameworks.sh\"\n";
			showEnvVarsInLog = 0;
		};
		88A6976697A50CC533754E82 /* [CP] Check Pods Manifest.lock */ = {
			isa = PBXShellScriptBuildPhase;
			buildActionMask = 2147483647;
			files = (
			);
			inputFileListPaths = (
			);
			inputPaths = (
				"${PODS_PODFILE_DIR_PATH}/Podfile.lock",
				"${PODS_ROOT}/Manifest.lock",
			);
			name = "[CP] Check Pods Manifest.lock";
			outputFileListPaths = (
			);
			outputPaths = (
				"$(DERIVED_FILE_DIR)/Pods-projetUITests-checkManifestLockResult.txt",
			);
			runOnlyForDeploymentPostprocessing = 0;
			shellPath = /bin/sh;
			shellScript = "diff \"${PODS_PODFILE_DIR_PATH}/Podfile.lock\" \"${PODS_ROOT}/Manifest.lock\" > /dev/null\nif [ $? != 0 ] ; then\n    # print error to STDERR\n    echo \"error: The sandbox is not in sync with the Podfile.lock. Run 'pod install' or update your CocoaPods installation.\" >&2\n    exit 1\nfi\n# This output is used by Xcode 'outputs' to avoid re-running this script phase.\necho \"SUCCESS\" > \"${SCRIPT_OUTPUT_FILE_0}\"\n";
			showEnvVarsInLog = 0;
		};
		9E2B16B1A443956B134160EE /* [CP] Check Pods Manifest.lock */ = {
			isa = PBXShellScriptBuildPhase;
			buildActionMask = 2147483647;
			files = (
			);
			inputFileListPaths = (
			);
			inputPaths = (
				"${PODS_PODFILE_DIR_PATH}/Podfile.lock",
				"${PODS_ROOT}/Manifest.lock",
			);
			name = "[CP] Check Pods Manifest.lock";
			outputFileListPaths = (
			);
			outputPaths = (
				"$(DERIVED_FILE_DIR)/Pods-projet-checkManifestLockResult.txt",
			);
			runOnlyForDeploymentPostprocessing = 0;
			shellPath = /bin/sh;
			shellScript = "diff \"${PODS_PODFILE_DIR_PATH}/Podfile.lock\" \"${PODS_ROOT}/Manifest.lock\" > /dev/null\nif [ $? != 0 ] ; then\n    # print error to STDERR\n    echo \"error: The sandbox is not in sync with the Podfile.lock. Run 'pod install' or update your CocoaPods installation.\" >&2\n    exit 1\nfi\n# This output is used by Xcode 'outputs' to avoid re-running this script phase.\necho \"SUCCESS\" > \"${SCRIPT_OUTPUT_FILE_0}\"\n";
			showEnvVarsInLog = 0;
		};
/* End PBXShellScriptBuildPhase section */

/* Begin PBXSourcesBuildPhase section */
		F27BBD0F2232D345005FB9DB /* Sources */ = {
			isa = PBXSourcesBuildPhase;
			buildActionMask = 2147483647;
			files = (
				F27BBD192232D345005FB9DB /* ViewController.swift in Sources */,
				F27BBD172232D345005FB9DB /* AppDelegate.swift in Sources */,
			);
			runOnlyForDeploymentPostprocessing = 0;
		};
		F27BBD232232D347005FB9DB /* Sources */ = {
			isa = PBXSourcesBuildPhase;
			buildActionMask = 2147483647;
			files = (
				F27BBD2C2232D347005FB9DB /* projetTests.swift in Sources */,
			);
			runOnlyForDeploymentPostprocessing = 0;
		};
		F27BBD2E2232D347005FB9DB /* Sources */ = {
			isa = PBXSourcesBuildPhase;
			buildActionMask = 2147483647;
			files = (
				F27BBD372232D347005FB9DB /* projetUITests.swift in Sources */,
			);
			runOnlyForDeploymentPostprocessing = 0;
		};
/* End PBXSourcesBuildPhase section */

/* Begin PBXTargetDependency section */
		F27BBD292232D347005FB9DB /* PBXTargetDependency */ = {
			isa = PBXTargetDependency;
			target = F27BBD122232D345005FB9DB /* projet */;
			targetProxy = F27BBD282232D347005FB9DB /* PBXContainerItemProxy */;
		};
		F27BBD342232D347005FB9DB /* PBXTargetDependency */ = {
			isa = PBXTargetDependency;
			target = F27BBD122232D345005FB9DB /* projet */;
			targetProxy = F27BBD332232D347005FB9DB /* PBXContainerItemProxy */;
		};
/* End PBXTargetDependency section */

/* Begin PBXVariantGroup section */
		F27BBD1A2232D345005FB9DB /* Main.storyboard */ = {
			isa = PBXVariantGroup;
			children = (
				F27BBD1B2232D345005FB9DB /* Base */,
			);
			name = Main.storyboard;
			sourceTree = "<group>";
		};
		F27BBD1F2232D347005FB9DB /* LaunchScreen.storyboard */ = {
			isa = PBXVariantGroup;
			children = (
				F27BBD202232D347005FB9DB /* Base */,
			);
			name = LaunchScreen.storyboard;
			sourceTree = "<group>";
		};
/* End PBXVariantGroup section */

/* Begin XCBuildConfiguration section */
		F27BBD392232D347005FB9DB /* Debug */ = {
			isa = XCBuildConfiguration;
			buildSettings = {
				ALWAYS_SEARCH_USER_PATHS = NO;
				CLANG_ANALYZER_NONNULL = YES;
				CLANG_ANALYZER_NUMBER_OBJECT_CONVERSION = YES_AGGRESSIVE;
				CLANG_CXX_LANGUAGE_STANDARD = "gnu++14";
				CLANG_CXX_LIBRARY = "libc++";
				CLANG_ENABLE_MODULES = YES;
				CLANG_ENABLE_OBJC_ARC = YES;
				CLANG_ENABLE_OBJC_WEAK = YES;
				CLANG_WARN_BLOCK_CAPTURE_AUTORELEASING = YES;
				CLANG_WARN_BOOL_CONVERSION = YES;
				CLANG_WARN_COMMA = YES;
				CLANG_WARN_CONSTANT_CONVERSION = YES;
				CLANG_WARN_DEPRECATED_OBJC_IMPLEMENTATIONS = YES;
				CLANG_WARN_DIRECT_OBJC_ISA_USAGE = YES_ERROR;
				CLANG_WARN_DOCUMENTATION_COMMENTS = YES;
				CLANG_WARN_EMPTY_BODY = YES;
				CLANG_WARN_ENUM_CONVERSION = YES;
				CLANG_WARN_INFINITE_RECURSION = YES;
				CLANG_WARN_INT_CONVERSION = YES;
				CLANG_WARN_NON_LITERAL_NULL_CONVERSION = YES;
				CLANG_WARN_OBJC_IMPLICIT_RETAIN_SELF = YES;
				CLANG_WARN_OBJC_LITERAL_CONVERSION = YES;
				CLANG_WARN_OBJC_ROOT_CLASS = YES_ERROR;
				CLANG_WARN_RANGE_LOOP_ANALYSIS = YES;
				CLANG_WARN_STRICT_PROTOTYPES = YES;
				CLANG_WARN_SUSPICIOUS_MOVE = YES;
				CLANG_WARN_UNGUARDED_AVAILABILITY = YES_AGGRESSIVE;
				CLANG_WARN_UNREACHABLE_CODE = YES;
				CLANG_WARN__DUPLICATE_METHOD_MATCH = YES;
				CODE_SIGN_IDENTITY = "iPhone Developer";
				COPY_PHASE_STRIP = NO;
				DEBUG_INFORMATION_FORMAT = dwarf;
				ENABLE_STRICT_OBJC_MSGSEND = YES;
				ENABLE_TESTABILITY = YES;
				GCC_C_LANGUAGE_STANDARD = gnu11;
				GCC_DYNAMIC_NO_PIC = NO;
				GCC_NO_COMMON_BLOCKS = YES;
				GCC_OPTIMIZATION_LEVEL = 0;
				GCC_PREPROCESSOR_DEFINITIONS = (
					"DEBUG=1",
					"$(inherited)",
				);
				GCC_WARN_64_TO_32_BIT_CONVERSION = YES;
				GCC_WARN_ABOUT_RETURN_TYPE = YES_ERROR;
				GCC_WARN_UNDECLARED_SELECTOR = YES;
				GCC_WARN_UNINITIALIZED_AUTOS = YES_AGGRESSIVE;
				GCC_WARN_UNUSED_FUNCTION = YES;
				GCC_WARN_UNUSED_VARIABLE = YES;
				IPHONEOS_DEPLOYMENT_TARGET = 12.1;
				MTL_ENABLE_DEBUG_INFO = INCLUDE_SOURCE;
				MTL_FAST_MATH = YES;
				ONLY_ACTIVE_ARCH = YES;
				SDKROOT = iphoneos;
				SWIFT_ACTIVE_COMPILATION_CONDITIONS = DEBUG;
				SWIFT_OPTIMIZATION_LEVEL = "-Onone";
			};
			name = Debug;
		};
		F27BBD3A2232D347005FB9DB /* Release */ = {
			isa = XCBuildConfiguration;
			buildSettings = {
				ALWAYS_SEARCH_USER_PATHS = NO;
				CLANG_ANALYZER_NONNULL = YES;
				CLANG_ANALYZER_NUMBER_OBJECT_CONVERSION = YES_AGGRESSIVE;
				CLANG_CXX_LANGUAGE_STANDARD = "gnu++14";
				CLANG_CXX_LIBRARY = "libc++";
				CLANG_ENABLE_MODULES = YES;
				CLANG_ENABLE_OBJC_ARC = YES;
				CLANG_ENABLE_OBJC_WEAK = YES;
				CLANG_WARN_BLOCK_CAPTURE_AUTORELEASING = YES;
				CLANG_WARN_BOOL_CONVERSION = YES;
				CLANG_WARN_COMMA = YES;
				CLANG_WARN_CONSTANT_CONVERSION = YES;
				CLANG_WARN_DEPRECATED_OBJC_IMPLEMENTATIONS = YES;
				CLANG_WARN_DIRECT_OBJC_ISA_USAGE = YES_ERROR;
				CLANG_WARN_DOCUMENTATION_COMMENTS = YES;
				CLANG_WARN_EMPTY_BODY = YES;
				CLANG_WARN_ENUM_CONVERSION = YES;
				CLANG_WARN_INFINITE_RECURSION = YES;
				CLANG_WARN_INT_CONVERSION = YES;
				CLANG_WARN_NON_LITERAL_NULL_CONVERSION = YES;
				CLANG_WARN_OBJC_IMPLICIT_RETAIN_SELF = YES;
				CLANG_WARN_OBJC_LITERAL_CONVERSION = YES;
				CLANG_WARN_OBJC_ROOT_CLASS = YES_ERROR;
				CLANG_WARN_RANGE_LOOP_ANALYSIS = YES;
				CLANG_WARN_STRICT_PROTOTYPES = YES;
				CLANG_WARN_SUSPICIOUS_MOVE = YES;
				CLANG_WARN_UNGUARDED_AVAILABILITY = YES_AGGRESSIVE;
				CLANG_WARN_UNREACHABLE_CODE = YES;
				CLANG_WARN__DUPLICATE_METHOD_MATCH = YES;
				CODE_SIGN_IDENTITY = "iPhone Developer";
				COPY_PHASE_STRIP = NO;
				DEBUG_INFORMATION_FORMAT = "dwarf-with-dsym";
				ENABLE_NS_ASSERTIONS = NO;
				ENABLE_STRICT_OBJC_MSGSEND = YES;
				GCC_C_LANGUAGE_STANDARD = gnu11;
				GCC_NO_COMMON_BLOCKS = YES;
				GCC_WARN_64_TO_32_BIT_CONVERSION = YES;
				GCC_WARN_ABOUT_RETURN_TYPE = YES_ERROR;
				GCC_WARN_UNDECLARED_SELECTOR = YES;
				GCC_WARN_UNINITIALIZED_AUTOS = YES_AGGRESSIVE;
				GCC_WARN_UNUSED_FUNCTION = YES;
				GCC_WARN_UNUSED_VARIABLE = YES;
				IPHONEOS_DEPLOYMENT_TARGET = 12.1;
				MTL_ENABLE_DEBUG_INFO = NO;
				MTL_FAST_MATH = YES;
				SDKROOT = iphoneos;
				SWIFT_COMPILATION_MODE = wholemodule;
				SWIFT_OPTIMIZATION_LEVEL = "-O";
				VALIDATE_PRODUCT = YES;
			};
			name = Release;
		};
		F27BBD3C2232D347005FB9DB /* Debug */ = {
			isa = XCBuildConfiguration;
			baseConfigurationReference = C0400C38623B8039297FE20A /* Pods-projet.debug.xcconfig */;
			buildSettings = {
				ASSETCATALOG_COMPILER_APPICON_NAME = AppIcon;
				CODE_SIGN_STYLE = Automatic;
				INFOPLIST_FILE = projet/Info.plist;
				LD_RUNPATH_SEARCH_PATHS = (
					"$(inherited)",
					"@executable_path/Frameworks",
				);
				PRODUCT_BUNDLE_IDENTIFIER = projet.projet;
				PRODUCT_NAME = "$(TARGET_NAME)";
				SWIFT_VERSION = 4.2;
				TARGETED_DEVICE_FAMILY = "1,2";
			};
			name = Debug;
		};
		F27BBD3D2232D347005FB9DB /* Release */ = {
			isa = XCBuildConfiguration;
			baseConfigurationReference = A20A209A64C11D56FA0138EC /* Pods-projet.release.xcconfig */;
			buildSettings = {
				ASSETCATALOG_COMPILER_APPICON_NAME = AppIcon;
				CODE_SIGN_STYLE = Automatic;
				INFOPLIST_FILE = projet/Info.plist;
				LD_RUNPATH_SEARCH_PATHS = (
					"$(inherited)",
					"@executable_path/Frameworks",
				);
				PRODUCT_BUNDLE_IDENTIFIER = projet.projet;
				PRODUCT_NAME = "$(TARGET_NAME)";
				SWIFT_VERSION = 4.2;
				TARGETED_DEVICE_FAMILY = "1,2";
			};
			name = Release;
		};
		F27BBD3F2232D347005FB9DB /* Debug */ = {
			isa = XCBuildConfiguration;
			baseConfigurationReference = AF535FFA0B9DFCDFB1586A6B /* Pods-projetTests.debug.xcconfig */;
			buildSettings = {
				ALWAYS_EMBED_SWIFT_STANDARD_LIBRARIES = YES;
				BUNDLE_LOADER = "$(TEST_HOST)";
				CODE_SIGN_STYLE = Automatic;
				INFOPLIST_FILE = projetTests/Info.plist;
				LD_RUNPATH_SEARCH_PATHS = (
					"$(inherited)",
					"@executable_path/Frameworks",
					"@loader_path/Frameworks",
				);
				PRODUCT_BUNDLE_IDENTIFIER = projet.projetTests;
				PRODUCT_NAME = "$(TARGET_NAME)";
				SWIFT_VERSION = 4.2;
				TARGETED_DEVICE_FAMILY = "1,2";
				TEST_HOST = "$(BUILT_PRODUCTS_DIR)/projet.app/projet";
			};
			name = Debug;
		};
		F27BBD402232D347005FB9DB /* Release */ = {
			isa = XCBuildConfiguration;
			baseConfigurationReference = 6055B729324F5A4A3015608F /* Pods-projetTests.release.xcconfig */;
			buildSettings = {
				ALWAYS_EMBED_SWIFT_STANDARD_LIBRARIES = YES;
				BUNDLE_LOADER = "$(TEST_HOST)";
				CODE_SIGN_STYLE = Automatic;
				INFOPLIST_FILE = projetTests/Info.plist;
				LD_RUNPATH_SEARCH_PATHS = (
					"$(inherited)",
					"@executable_path/Frameworks",
					"@loader_path/Frameworks",
				);
				PRODUCT_BUNDLE_IDENTIFIER = projet.projetTests;
				PRODUCT_NAME = "$(TARGET_NAME)";
				SWIFT_VERSION = 4.2;
				TARGETED_DEVICE_FAMILY = "1,2";
				TEST_HOST = "$(BUILT_PRODUCTS_DIR)/projet.app/projet";
			};
			name = Release;
		};
		F27BBD422232D347005FB9DB /* Debug */ = {
			isa = XCBuildConfiguration;
			baseConfigurationReference = 15EFD310870A3237A3B64ADA /* Pods-projetUITests.debug.xcconfig */;
			buildSettings = {
				ALWAYS_EMBED_SWIFT_STANDARD_LIBRARIES = YES;
				CODE_SIGN_STYLE = Automatic;
				INFOPLIST_FILE = projetUITests/Info.plist;
				LD_RUNPATH_SEARCH_PATHS = (
					"$(inherited)",
					"@executable_path/Frameworks",
					"@loader_path/Frameworks",
				);
				PRODUCT_BUNDLE_IDENTIFIER = projet.projetUITests;
				PRODUCT_NAME = "$(TARGET_NAME)";
				SWIFT_VERSION = 4.2;
				TARGETED_DEVICE_FAMILY = "1,2";
				TEST_TARGET_NAME = projet;
			};
			name = Debug;
		};
		F27BBD432232D347005FB9DB /* Release */ = {
			isa = XCBuildConfiguration;
			baseConfigurationReference = 7E114E20CC43DC7496ECB6C6 /* Pods-projetUITests.release.xcconfig */;
			buildSettings = {
				ALWAYS_EMBED_SWIFT_STANDARD_LIBRARIES = YES;
				CODE_SIGN_STYLE = Automatic;
				INFOPLIST_FILE = projetUITests/Info.plist;
				LD_RUNPATH_SEARCH_PATHS = (
					"$(inherited)",
					"@executable_path/Frameworks",
					"@loader_path/Frameworks",
				);
				PRODUCT_BUNDLE_IDENTIFIER = projet.projetUITests;
				PRODUCT_NAME = "$(TARGET_NAME)";
				SWIFT_VERSION = 4.2;
				TARGETED_DEVICE_FAMILY = "1,2";
				TEST_TARGET_NAME = projet;
			};
			name = Release;
		};
/* End XCBuildConfiguration section */

/* Begin XCConfigurationList section */
		F27BBD0E2232D345005FB9DB /* Build configuration list for PBXProject "projet" */ = {
			isa = XCConfigurationList;
			buildConfigurations = (
				F27BBD392232D347005FB9DB /* Debug */,
				F27BBD3A2232D347005FB9DB /* Release */,
			);
			defaultConfigurationIsVisible = 0;
			defaultConfigurationName = Release;
		};
		F27BBD3B2232D347005FB9DB /* Build configuration list for PBXNativeTarget "projet" */ = {
			isa = XCConfigurationList;
			buildConfigurations = (
				F27BBD3C2232D347005FB9DB /* Debug */,
				F27BBD3D2232D347005FB9DB /* Release */,
			);
			defaultConfigurationIsVisible = 0;
			defaultConfigurationName = Release;
		};
		F27BBD3E2232D347005FB9DB /* Build configuration list for PBXNativeTarget "projetTests" */ = {
			isa = XCConfigurationList;
			buildConfigurations = (
				F27BBD3F2232D347005FB9DB /* Debug */,
				F27BBD402232D347005FB9DB /* Release */,
			);
			defaultConfigurationIsVisible = 0;
			defaultConfigurationName = Release;
		};
		F27BBD412232D347005FB9DB /* Build configuration list for PBXNativeTarget "projetUITests" */ = {
			isa = XCConfigurationList;
			buildConfigurations = (
				F27BBD422232D347005FB9DB /* Debug */,
				F27BBD432232D347005FB9DB /* Release */,
			);
			defaultConfigurationIsVisible = 0;
			defaultConfigurationName = Release;
		};
/* End XCConfigurationList section */
	};
	rootObject = F27BBD0B2232D345005FB9DB /* Project object */;
}
